
Microsoft Visual Studio Solution File, Format Version 12.00
# Visual Studio Version 17
VisualStudioVersion = 17.8.34322.80
MinimumVisualStudioVersion = 10.0.40219.1
Project("{FAE04EC0-301F-11D3-BF4B-00C04F79EFBC}") = "Bikes", "Invoice1\Bikes.csproj", "{6F6F15C6-7375-471F-93C2-2E435DFA2D99}"
EndProject
Global
	GlobalSection(SolutionConfigurationPlatforms) = preSolution
		Debug|Any CPU = Debug|Any CPU
		Release|Any CPU = Release|Any CPU
	EndGlobalSection
	GlobalSection(ProjectConfigurationPlatforms) = postSolution
		{6F6F15C6-7375-471F-93C2-2E435DFA2D99}.Debug|Any CPU.ActiveCfg = Debug|Any CPU
		{6F6F15C6-7375-471F-93C2-2E435DFA2D99}.Debug|Any CPU.Build.0 = Debug|Any CPU
		{6F6F15C6-7375-471F-93C2-2E435DFA2D99}.Release|Any CPU.ActiveCfg = Release|Any CPU
		{6F6F15C6-7375-471F-93C2-2E435DFA2D99}.Release|Any CPU.Build.0 = Release|Any CPU
	EndGlobalSection
	GlobalSection(SolutionProperties) = preSolution
		HideSolutionNode = FALSE
	EndGlobalSection
	GlobalSection(ExtensibilityGlobals) = postSolution
		SolutionGuid = {89059F35-F6D0-4740-B030-E4B8592E97F8}
	EndGlobalSection
EndGlobal
